{
  "name": "vue-remote-render",
  "version": "0.0.1",
  "lockfileVersion": 1,
  "requires": true,
  "dependencies": {
    "vue": {
      "version": "2.6.10",
      "resolved": "https://registry.npmjs.org/vue/-/vue-2.6.10.tgz",
      "integrity": "sha512-ImThpeNU9HbdZL3utgMCq0oiMzAkt1mcgy3/E6zWC/G6AaQoeuFdsl9nDhTDU3X1R6FK7nsIUuRACVcjI+A2GQ=="
    },
    "weex-vue-framework": {
      "version": "2.5.15-weex.2",
      "resolved": "https://registry.npmjs.org/weex-vue-framework/-/weex-vue-framework-2.5.15-weex.2.tgz",
      "integrity": "sha512-u4pOscsmgQGGswVRl+V5i4xjqJAgUWp8pggYkkPD3zuX18M6KtGsjLO1yzU9M/A0XUyDDO2QHUf8D0tdBBa1PA=="
    }
  }
}
